
Microsoft Visual Studio Solution File, Format Version 12.00
# Visual Studio 15
VisualStudioVersion = 15.0.28307.168
MinimumVisualStudioVersion = 10.0.40219.1
Project("{FAE04EC0-301F-11D3-BF4B-00C04F79EFBC}") = "Algorithm", "Algorithm\Algorithm.csproj", "{3F22C106-4936-4BBF-9D88-89F91035C60F}"
EndProject
Project("{FAE04EC0-301F-11D3-BF4B-00C04F79EFBC}") = "Exercise", "Exercise\Exercise.csproj", "{D45E5637-42F9-4B90-99FF-441F06323861}"
EndProject
Global
	GlobalSection(SolutionConfigurationPlatforms) = preSolution
		Debug|Any CPU = Debug|Any CPU
		Release|Any CPU = Release|Any CPU
	EndGlobalSection
	GlobalSection(ProjectConfigurationPlatforms) = postSolution
		{3F22C106-4936-4BBF-9D88-89F91035C60F}.Debug|Any CPU.ActiveCfg = Debug|Any CPU
		{3F22C106-4936-4BBF-9D88-89F91035C60F}.Debug|Any CPU.Build.0 = Debug|Any CPU
		{3F22C106-4936-4BBF-9D88-89F91035C60F}.Release|Any CPU.ActiveCfg = Release|Any CPU
		{3F22C106-4936-4BBF-9D88-89F91035C60F}.Release|Any CPU.Build.0 = Release|Any CPU
		{D45E5637-42F9-4B90-99FF-441F06323861}.Debug|Any CPU.ActiveCfg = Debug|Any CPU
		{D45E5637-42F9-4B90-99FF-441F06323861}.Debug|Any CPU.Build.0 = Debug|Any CPU
		{D45E5637-42F9-4B90-99FF-441F06323861}.Release|Any CPU.ActiveCfg = Release|Any CPU
		{D45E5637-42F9-4B90-99FF-441F06323861}.Release|Any CPU.Build.0 = Release|Any CPU
	EndGlobalSection
	GlobalSection(SolutionProperties) = preSolution
		HideSolutionNode = FALSE
	EndGlobalSection
	GlobalSection(ExtensibilityGlobals) = postSolution
		SolutionGuid = {E53A4A67-6B43-4A98-95E4-C1B5CC39738C}
	EndGlobalSection
EndGlobal
